
Microsoft Visual Studio Solution File, Format Version 12.00
# Visual Studio Version 16
VisualStudioVersion = 16.0.29728.190
MinimumVisualStudioVersion = 10.0.40219.1
Project("{FAE04EC0-301F-11D3-BF4B-00C04F79EFBC}") = "ServiceX", "ServiceX\ServiceX.csproj", "{2974B548-CB4F-4D5A-8E49-81BE0BD35DD9}"
EndProject
Project("{FAE04EC0-301F-11D3-BF4B-00C04F79EFBC}") = "ConsoleClient", "ConsoleClient\ConsoleClient.csproj", "{899B6664-BC1C-47DD-A4DD-300EBA21CB00}"
	ProjectSection(ProjectDependencies) = postProject
		{2974B548-CB4F-4D5A-8E49-81BE0BD35DD9} = {2974B548-CB4F-4D5A-8E49-81BE0BD35DD9}
	EndProjectSection
EndProject
Project("{FAE04EC0-301F-11D3-BF4B-00C04F79EFBC}") = "ServiceY", "ServiceY\ServiceY.csproj", "{33CA4821-47A8-40EC-BD12-2397270FFD9A}"
	ProjectSection(ProjectDependencies) = postProject
		{2974B548-CB4F-4D5A-8E49-81BE0BD35DD9} = {2974B548-CB4F-4D5A-8E49-81BE0BD35DD9}
	EndProjectSection
EndProject
Project("{FAE04EC0-301F-11D3-BF4B-00C04F79EFBC}") = "WinFormClient", "WinFormClient\WinFormClient.csproj", "{9A86A2EA-87DB-4A6E-A67B-56163A97C0D0}"
	ProjectSection(ProjectDependencies) = postProject
		{33CA4821-47A8-40EC-BD12-2397270FFD9A} = {33CA4821-47A8-40EC-BD12-2397270FFD9A}
	EndProjectSection
EndProject
Global
	GlobalSection(SolutionConfigurationPlatforms) = preSolution
		Debug|Any CPU = Debug|Any CPU
		Release|Any CPU = Release|Any CPU
	EndGlobalSection
	GlobalSection(ProjectConfigurationPlatforms) = postSolution
		{2974B548-CB4F-4D5A-8E49-81BE0BD35DD9}.Debug|Any CPU.ActiveCfg = Debug|Any CPU
		{2974B548-CB4F-4D5A-8E49-81BE0BD35DD9}.Debug|Any CPU.Build.0 = Debug|Any CPU
		{2974B548-CB4F-4D5A-8E49-81BE0BD35DD9}.Release|Any CPU.ActiveCfg = Release|Any CPU
		{2974B548-CB4F-4D5A-8E49-81BE0BD35DD9}.Release|Any CPU.Build.0 = Release|Any CPU
		{899B6664-BC1C-47DD-A4DD-300EBA21CB00}.Debug|Any CPU.ActiveCfg = Debug|Any CPU
		{899B6664-BC1C-47DD-A4DD-300EBA21CB00}.Debug|Any CPU.Build.0 = Debug|Any CPU
		{899B6664-BC1C-47DD-A4DD-300EBA21CB00}.Release|Any CPU.ActiveCfg = Release|Any CPU
		{899B6664-BC1C-47DD-A4DD-300EBA21CB00}.Release|Any CPU.Build.0 = Release|Any CPU
		{33CA4821-47A8-40EC-BD12-2397270FFD9A}.Debug|Any CPU.ActiveCfg = Debug|Any CPU
		{33CA4821-47A8-40EC-BD12-2397270FFD9A}.Debug|Any CPU.Build.0 = Debug|Any CPU
		{33CA4821-47A8-40EC-BD12-2397270FFD9A}.Release|Any CPU.ActiveCfg = Release|Any CPU
		{33CA4821-47A8-40EC-BD12-2397270FFD9A}.Release|Any CPU.Build.0 = Release|Any CPU
		{9A86A2EA-87DB-4A6E-A67B-56163A97C0D0}.Debug|Any CPU.ActiveCfg = Debug|Any CPU
		{9A86A2EA-87DB-4A6E-A67B-56163A97C0D0}.Debug|Any CPU.Build.0 = Debug|Any CPU
		{9A86A2EA-87DB-4A6E-A67B-56163A97C0D0}.Release|Any CPU.ActiveCfg = Release|Any CPU
		{9A86A2EA-87DB-4A6E-A67B-56163A97C0D0}.Release|Any CPU.Build.0 = Release|Any CPU
	EndGlobalSection
	GlobalSection(SolutionProperties) = preSolution
		HideSolutionNode = FALSE
	EndGlobalSection
	GlobalSection(ExtensibilityGlobals) = postSolution
		SolutionGuid = {71901B21-4DFF-4539-8FA9-CCECF052288B}
	EndGlobalSection
EndGlobal
